
Microsoft Visual Studio Solution File, Format Version 12.00
# Visual Studio Version 16
VisualStudioVersion = 16.0.31729.503
MinimumVisualStudioVersion = 10.0.40219.1
Project("{2150E333-8FDC-42A3-9474-1A3956D46DE8}") = "1-Presentation Layer", "1-Presentation Layer", "{430EF78A-3216-46BE-A8AE-FDC8CC5DC6B6}"
EndProject
Project("{2150E333-8FDC-42A3-9474-1A3956D46DE8}") = "2-Repository Layer", "2-Repository Layer", "{67CB37C1-9453-4B88-8869-3771358F9957}"
EndProject
Project("{9A19103F-16F7-4668-BE54-9A1E7A4F7556}") = "XStation.Repository", "XStation.Repository\XStation.Repository.csproj", "{D89DEEE9-DEC0-4AED-840C-CE639B11A3E6}"
EndProject
Project("{FAE04EC0-301F-11D3-BF4B-00C04F79EFBC}") = "ApiXStation.Presentation", "ApiXStation.Presentation\ApiXStation.Presentation.csproj", "{B930B773-BC79-4CDF-A880-3333678590F4}"
EndProject
Global
	GlobalSection(SolutionConfigurationPlatforms) = preSolution
		Debug|Any CPU = Debug|Any CPU
		Release|Any CPU = Release|Any CPU
	EndGlobalSection
	GlobalSection(ProjectConfigurationPlatforms) = postSolution
		{D89DEEE9-DEC0-4AED-840C-CE639B11A3E6}.Debug|Any CPU.ActiveCfg = Debug|Any CPU
		{D89DEEE9-DEC0-4AED-840C-CE639B11A3E6}.Debug|Any CPU.Build.0 = Debug|Any CPU
		{D89DEEE9-DEC0-4AED-840C-CE639B11A3E6}.Release|Any CPU.ActiveCfg = Release|Any CPU
		{D89DEEE9-DEC0-4AED-840C-CE639B11A3E6}.Release|Any CPU.Build.0 = Release|Any CPU
		{B930B773-BC79-4CDF-A880-3333678590F4}.Debug|Any CPU.ActiveCfg = Debug|Any CPU
		{B930B773-BC79-4CDF-A880-3333678590F4}.Debug|Any CPU.Build.0 = Debug|Any CPU
		{B930B773-BC79-4CDF-A880-3333678590F4}.Release|Any CPU.ActiveCfg = Release|Any CPU
		{B930B773-BC79-4CDF-A880-3333678590F4}.Release|Any CPU.Build.0 = Release|Any CPU
	EndGlobalSection
	GlobalSection(SolutionProperties) = preSolution
		HideSolutionNode = FALSE
	EndGlobalSection
	GlobalSection(NestedProjects) = preSolution
		{D89DEEE9-DEC0-4AED-840C-CE639B11A3E6} = {67CB37C1-9453-4B88-8869-3771358F9957}
		{B930B773-BC79-4CDF-A880-3333678590F4} = {430EF78A-3216-46BE-A8AE-FDC8CC5DC6B6}
	EndGlobalSection
	GlobalSection(ExtensibilityGlobals) = postSolution
		SolutionGuid = {813985B4-0503-40EF-AB04-EC60FB24E169}
	EndGlobalSection
EndGlobal
